// !$*UTF8*$!
{
	archiveVersion = 1;
	classes = {
	};
	objectVersion = 50;
	objects = {

/* Begin PBXBuildFile section */
		5EFFAB3524C880A200D61490 /* AppDelegate.swift in Sources */ = {isa = PBXBuildFile; fileRef = 5EFFAB3424C880A200D61490 /* AppDelegate.swift */; };
		5EFFAB3724C880A200D61490 /* SceneDelegate.swift in Sources */ = {isa = PBXBuildFile; fileRef = 5EFFAB3624C880A200D61490 /* SceneDelegate.swift */; };
		5EFFAB3924C880A200D61490 /* ViewController.swift in Sources */ = {isa = PBXBuildFile; fileRef = 5EFFAB3824C880A200D61490 /* ViewController.swift */; };
		5EFFAB3C24C880A200D61490 /* Main.storyboard in Resources */ = {isa = PBXBuildFile; fileRef = 5EFFAB3A24C880A200D61490 /* Main.storyboard */; };
		5EFFAB3F24C880A200D61490 /* StoryBoardIntro.xcdatamodeld in Sources */ = {isa = PBXBuildFile; fileRef = 5EFFAB3D24C880A200D61490 /* StoryBoardIntro.xcdatamodeld */; };
		5EFFAB4124C880AD00D61490 /* Assets.xcassets in Resources */ = {isa = PBXBuildFile; fileRef = 5EFFAB4024C880AD00D61490 /* Assets.xcassets */; };
		5EFFAB4424C880AD00D61490 /* LaunchScreen.storyboard in Resources */ = {isa = PBXBuildFile; fileRef = 5EFFAB4224C880AD00D61490 /* LaunchScreen.storyboard */; };
		5EFFAB4F24C880AD00D61490 /* StoryBoardIntroTests.swift in Sources */ = {isa = PBXBuildFile; fileRef = 5EFFAB4E24C880AD00D61490 /* StoryBoardIntroTests.swift */; };
		5EFFAB5A24C880AD00D61490 /* StoryBoardIntroUITests.swift in Sources */ = {isa = PBXBuildFile; fileRef = 5EFFAB5924C880AD00D61490 /* StoryBoardIntroUITests.swift */; };
/* End PBXBuildFile section */

/* Begin PBXContainerItemProxy section */
		5EFFAB4B24C880AD00D61490 /* PBXContainerItemProxy */ = {
			isa = PBXContainerItemProxy;
			containerPortal = 5EFFAB2924C880A200D61490 /* Project object */;
			proxyType = 1;
			remoteGlobalIDString = 5EFFAB3024C880A200D61490;
			remoteInfo = StoryBoardIntro;
		};
		5EFFAB5624C880AD00D61490 /* PBXContainerItemProxy */ = {
			isa = PBXContainerItemProxy;
			containerPortal = 5EFFAB2924C880A200D61490 /* Project object */;
			proxyType = 1;
			remoteGlobalIDString = 5EFFAB3024C880A200D61490;
			remoteInfo = StoryBoardIntro;
		};
/* End PBXContainerItemProxy section */

/* Begin PBXFileReference section */
		5EFFAB3124C880A200D61490 /* StoryBoardIntro.app */ = {isa = PBXFileReference; explicitFileType = wrapper.application; includeInIndex = 0; path = StoryBoardIntro.app; sourceTree = BUILT_PRODUCTS_DIR; };
		5EFFAB3424C880A200D61490 /* AppDelegate.swift */ = {isa = PBXFileReference; lastKnownFileType = sourcecode.swift; path = AppDelegate.swift; sourceTree = "<group>"; };
		5EFFAB3624C880A200D61490 /* SceneDelegate.swift */ = {isa = PBXFileReference; lastKnownFileType = sourcecode.swift; path = SceneDelegate.swift; sourceTree = "<group>"; };
		5EFFAB3824C880A200D61490 /* ViewController.swift */ = {isa = PBXFileReference; lastKnownFileType = sourcecode.swift; path = ViewController.swift; sourceTree = "<group>"; };
		5EFFAB3B24C880A200D61490 /* Base */ = {isa = PBXFileReference; lastKnownFileType = file.storyboard; name = Base; path = Base.lproj/Main.storyboard; sourceTree = "<group>"; };
		5EFFAB3E24C880A200D61490 /* StoryBoardIntro.xcdatamodel */ = {isa = PBXFileReference; lastKnownFileType = wrapper.xcdatamodel; path = StoryBoardIntro.xcdatamodel; sourceTree = "<group>"; };
		5EFFAB4024C880AD00D61490 /* Assets.xcassets */ = {isa = PBXFileReference; lastKnownFileType = folder.assetcatalog; path = Assets.xcassets; sourceTree = "<group>"; };
		5EFFAB4324C880AD00D61490 /* Base */ = {isa = PBXFileReference; lastKnownFileType = file.storyboard; name = Base; path = Base.lproj/LaunchScreen.storyboard; sourceTree = "<group>"; };
		5EFFAB4524C880AD00D61490 /* Info.plist */ = {isa = PBXFileReference; lastKnownFileType = text.plist.xml; path = Info.plist; sourceTree = "<group>"; };
		5EFFAB4A24C880AD00D61490 /* StoryBoardIntroTests.xctest */ = {isa = PBXFileReference; explicitFileType = wrapper.cfbundle; includeInIndex = 0; path = StoryBoardIntroTests.xctest; sourceTree = BUILT_PRODUCTS_DIR; };
		5EFFAB4E24C880AD00D61490 /* StoryBoardIntroTests.swift */ = {isa = PBXFileReference; lastKnownFileType = sourcecode.swift; path = StoryBoardIntroTests.swift; sourceTree = "<group>"; };
		5EFFAB5024C880AD00D61490 /* Info.plist */ = {isa = PBXFileReference; lastKnownFileType = text.plist.xml; path = Info.plist; sourceTree = "<group>"; };
		5EFFAB5524C880AD00D61490 /* StoryBoardIntroUITests.xctest */ = {isa = PBXFileReference; explicitFileType = wrapper.cfbundle; includeInIndex = 0; path = StoryBoardIntroUITests.xctest; sourceTree = BUILT_PRODUCTS_DIR; };
		5EFFAB5924C880AD00D61490 /* StoryBoardIntroUITests.swift */ = {isa = PBXFileReference; lastKnownFileType = sourcecode.swift; path = StoryBoardIntroUITests.swift; sourceTree = "<group>"; };
		5EFFAB5B24C880AD00D61490 /* Info.plist */ = {isa = PBXFileReference; lastKnownFileType = text.plist.xml; path = Info.plist; sourceTree = "<group>"; };
/* End PBXFileReference section */

/* Begin PBXFrameworksBuildPhase section */
		5EFFAB2E24C880A200D61490 /* Frameworks */ = {
			isa = PBXFrameworksBuildPhase;
			buildActionMask = 2147483647;
			files = (
			);
			runOnlyForDeploymentPostprocessing = 0;
		};
		5EFFAB4724C880AD00D61490 /* Frameworks */ = {
			isa = PBXFrameworksBuildPhase;
			buildActionMask = 2147483647;
			files = (
			);
			runOnlyForDeploymentPostprocessing = 0;
		};
		5EFFAB5224C880AD00D61490 /* Frameworks */ = {
			isa = PBXFrameworksBuildPhase;
			buildActionMask = 2147483647;
			files = (
			);
			runOnlyForDeploymentPostprocessing = 0;
		};
/* End PBXFrameworksBuildPhase section */

/* Begin PBXGroup section */
		5EFFAB2824C880A100D61490 = {
			isa = PBXGroup;
			children = (
				5EFFAB3324C880A200D61490 /* StoryBoardIntro */,
				5EFFAB4D24C880AD00D61490 /* StoryBoardIntroTests */,
				5EFFAB5824C880AD00D61490 /* StoryBoardIntroUITests */,
				5EFFAB3224C880A200D61490 /* Products */,
			);
			sourceTree = "<group>";
		};
		5EFFAB3224C880A200D61490 /* Products */ = {
			isa = PBXGroup;
			children = (
				5EFFAB3124C880A200D61490 /* StoryBoardIntro.app */,
				5EFFAB4A24C880AD00D61490 /* StoryBoardIntroTests.xctest */,
				5EFFAB5524C880AD00D61490 /* StoryBoardIntroUITests.xctest */,
			);
			name = Products;
			sourceTree = "<group>";
		};
		5EFFAB3324C880A200D61490 /* StoryBoardIntro */ = {
			isa = PBXGroup;
			children = (
				5EFFAB3424C880A200D61490 /* AppDelegate.swift */,
				5EFFAB3624C880A200D61490 /* SceneDelegate.swift */,
				5EFFAB3824C880A200D61490 /* ViewController.swift */,
				5EFFAB3A24C880A200D61490 /* Main.storyboard */,
				5EFFAB4024C880AD00D61490 /* Assets.xcassets */,
				5EFFAB4224C880AD00D61490 /* LaunchScreen.storyboard */,
				5EFFAB4524C880AD00D61490 /* Info.plist */,
				5EFFAB3D24C880A200D61490 /* StoryBoardIntro.xcdatamodeld */,
			);
			path = StoryBoardIntro;
			sourceTree = "<group>";
		};
		5EFFAB4D24C880AD00D61490 /* StoryBoardIntroTests */ = {
			isa = PBXGroup;
			children = (
				5EFFAB4E24C880AD00D61490 /* StoryBoardIntroTests.swift */,
				5EFFAB5024C880AD00D61490 /* Info.plist */,
			);
			path = StoryBoardIntroTests;
			sourceTree = "<group>";
		};
		5EFFAB5824C880AD00D61490 /* StoryBoardIntroUITests */ = {
			isa = PBXGroup;
			children = (
				5EFFAB5924C880AD00D61490 /* StoryBoardIntroUITests.swift */,
				5EFFAB5B24C880AD00D61490 /* Info.plist */,
			);
			path = StoryBoardIntroUITests;
			sourceTree = "<group>";
		};
/* End PBXGroup section */

/* Begin PBXNativeTarget section */
		5EFFAB3024C880A200D61490 /* StoryBoardIntro */ = {
			isa = PBXNativeTarget;
			buildConfigurationList = 5EFFAB5E24C880AD00D61490 /* Build configuration list for PBXNativeTarget "StoryBoardIntro" */;
			buildPhases = (
				5EFFAB2D24C880A200D61490 /* Sources */,
				5EFFAB2E24C880A200D61490 /* Frameworks */,
				5EFFAB2F24C880A200D61490 /* Resources */,
			);
			buildRules = (
			);
			dependencies = (
			);
			name = StoryBoardIntro;
			productName = StoryBoardIntro;
			productReference = 5EFFAB3124C880A200D61490 /* StoryBoardIntro.app */;
			productType = "com.apple.product-type.application";
		};
		5EFFAB4924C880AD00D61490 /* StoryBoardIntroTests */ = {
			isa = PBXNativeTarget;
			buildConfigurationList = 5EFFAB6124C880AD00D61490 /* Build configuration list for PBXNativeTarget "StoryBoardIntroTests" */;
			buildPhases = (
				5EFFAB4624C880AD00D61490 /* Sources */,
				5EFFAB4724C880AD00D61490 /* Frameworks */,
				5EFFAB4824C880AD00D61490 /* Resources */,
			);
			buildRules = (
			);
			dependencies = (
				5EFFAB4C24C880AD00D61490 /* PBXTargetDependency */,
			);
			name = StoryBoardIntroTests;
			productName = StoryBoardIntroTests;
			productReference = 5EFFAB4A24C880AD00D61490 /* StoryBoardIntroTests.xctest */;
			productType = "com.apple.product-type.bundle.unit-test";
		};
		5EFFAB5424C880AD00D61490 /* StoryBoardIntroUITests */ = {
			isa = PBXNativeTarget;
			buildConfigurationList = 5EFFAB6424C880AD00D61490 /* Build configuration list for PBXNativeTarget "StoryBoardIntroUITests" */;
			buildPhases = (
				5EFFAB5124C880AD00D61490 /* Sources */,
				5EFFAB5224C880AD00D61490 /* Frameworks */,
				5EFFAB5324C880AD00D61490 /* Resources */,
			);
			buildRules = (
			);
			dependencies = (
				5EFFAB5724C880AD00D61490 /* PBXTargetDependency */,
			);
			name = StoryBoardIntroUITests;
			productName = StoryBoardIntroUITests;
			productReference = 5EFFAB5524C880AD00D61490 /* StoryBoardIntroUITests.xctest */;
			productType = "com.apple.product-type.bundle.ui-testing";
		};
/* End PBXNativeTarget section */

/* Begin PBXProject section */
		5EFFAB2924C880A200D61490 /* Project object */ = {
			isa = PBXProject;
			attributes = {
				LastSwiftUpdateCheck = 1150;
				LastUpgradeCheck = 1150;
				ORGANIZATIONNAME = KWK;
				TargetAttributes = {
					5EFFAB3024C880A200D61490 = {
						CreatedOnToolsVersion = 11.5;
					};
					5EFFAB4924C880AD00D61490 = {
						CreatedOnToolsVersion = 11.5;
						TestTargetID = 5EFFAB3024C880A200D61490;
					};
					5EFFAB5424C880AD00D61490 = {
						CreatedOnToolsVersion = 11.5;
						TestTargetID = 5EFFAB3024C880A200D61490;
					};
				};
			};
			buildConfigurationList = 5EFFAB2C24C880A200D61490 /* Build configuration list for PBXProject "StoryBoardIntro" */;
			compatibilityVersion = "Xcode 9.3";
			developmentRegion = en;
			hasScannedForEncodings = 0;
			knownRegions = (
				en,
				Base,
			);
			mainGroup = 5EFFAB2824C880A100D61490;
			productRefGroup = 5EFFAB3224C880A200D61490 /* Products */;
			projectDirPath = "";
			projectRoot = "";
			targets = (
				5EFFAB3024C880A200D61490 /* StoryBoardIntro */,
				5EFFAB4924C880AD00D61490 /* StoryBoardIntroTests */,
				5EFFAB5424C880AD00D61490 /* StoryBoardIntroUITests */,
			);
		};
/* End PBXProject section */

/* Begin PBXResourcesBuildPhase section */
		5EFFAB2F24C880A200D61490 /* Resources */ = {
			isa = PBXResourcesBuildPhase;
			buildActionMask = 2147483647;
			files = (
				5EFFAB4424C880AD00D61490 /* LaunchScreen.storyboard in Resources */,
				5EFFAB4124C880AD00D61490 /* Assets.xcassets in Resources */,
				5EFFAB3C24C880A200D61490 /* Main.storyboard in Resources */,
			);
			runOnlyForDeploymentPostprocessing = 0;
		};
		5EFFAB4824C880AD00D61490 /* Resources */ = {
			isa = PBXResourcesBuildPhase;
			buildActionMask = 2147483647;
			files = (
			);
			runOnlyForDeploymentPostprocessing = 0;
		};
		5EFFAB5324C880AD00D61490 /* Resources */ = {
			isa = PBXResourcesBuildPhase;
			buildActionMask = 2147483647;
			files = (
			);
			runOnlyForDeploymentPostprocessing = 0;
		};
/* End PBXResourcesBuildPhase section */

/* Begin PBXSourcesBuildPhase section */
		5EFFAB2D24C880A200D61490 /* Sources */ = {
			isa = PBXSourcesBuildPhase;
			buildActionMask = 2147483647;
			files = (
				5EFFAB3924C880A200D61490 /* ViewController.swift in Sources */,
				5EFFAB3F24C880A200D61490 /* StoryBoardIntro.xcdatamodeld in Sources */,
				5EFFAB3524C880A200D61490 /* AppDelegate.swift in Sources */,
				5EFFAB3724C880A200D61490 /* SceneDelegate.swift in Sources */,
			);
			runOnlyForDeploymentPostprocessing = 0;
		};
		5EFFAB4624C880AD00D61490 /* Sources */ = {
			isa = PBXSourcesBuildPhase;
			buildActionMask = 2147483647;
			files = (
				5EFFAB4F24C880AD00D61490 /* StoryBoardIntroTests.swift in Sources */,
			);
			runOnlyForDeploymentPostprocessing = 0;
		};
		5EFFAB5124C880AD00D61490 /* Sources */ = {
			isa = PBXSourcesBuildPhase;
			buildActionMask = 2147483647;
			files = (
				5EFFAB5A24C880AD00D61490 /* StoryBoardIntroUITests.swift in Sources */,
			);
			runOnlyForDeploymentPostprocessing = 0;
		};
/* End PBXSourcesBuildPhase section */

/* Begin PBXTargetDependency section */
		5EFFAB4C24C880AD00D61490 /* PBXTargetDependency */ = {
			isa = PBXTargetDependency;
			target = 5EFFAB3024C880A200D61490 /* StoryBoardIntro */;
			targetProxy = 5EFFAB4B24C880AD00D61490 /* PBXContainerItemProxy */;
		};
		5EFFAB5724C880AD00D61490 /* PBXTargetDependency */ = {
			isa = PBXTargetDependency;
			target = 5EFFAB3024C880A200D61490 /* StoryBoardIntro */;
			targetProxy = 5EFFAB5624C880AD00D61490 /* PBXContainerItemProxy */;
		};
/* End PBXTargetDependency section */

/* Begin PBXVariantGroup section */
		5EFFAB3A24C880A200D61490 /* Main.storyboard */ = {
			isa = PBXVariantGroup;
			children = (
				5EFFAB3B24C880A200D61490 /* Base */,
			);
			name = Main.storyboard;
			sourceTree = "<group>";
		};
		5EFFAB4224C880AD00D61490 /* LaunchScreen.storyboard */ = {
			isa = PBXVariantGroup;
			children = (
				5EFFAB4324C880AD00D61490 /* Base */,
			);
			name = LaunchScreen.storyboard;
			sourceTree = "<group>";
		};
/* End PBXVariantGroup section */

/* Begin XCBuildConfiguration section */
		5EFFAB5C24C880AD00D61490 /* Debug */ = {
			isa = XCBuildConfiguration;
			buildSettings = {
				ALWAYS_SEARCH_USER_PATHS = NO;
				CLANG_ANALYZER_NONNULL = YES;
				CLANG_ANALYZER_NUMBER_OBJECT_CONVERSION = YES_AGGRESSIVE;
				CLANG_CXX_LANGUAGE_STANDARD = "gnu++14";
				CLANG_CXX_LIBRARY = "libc++";
				CLANG_ENABLE_MODULES = YES;
				CLANG_ENABLE_OBJC_ARC = YES;
				CLANG_ENABLE_OBJC_WEAK = YES;
				CLANG_WARN_BLOCK_CAPTURE_AUTORELEASING = YES;
				CLANG_WARN_BOOL_CONVERSION = YES;
				CLANG_WARN_COMMA = YES;
				CLANG_WARN_CONSTANT_CONVERSION = YES;
				CLANG_WARN_DEPRECATED_OBJC_IMPLEMENTATIONS = YES;
				CLANG_WARN_DIRECT_OBJC_ISA_USAGE = YES_ERROR;
				CLANG_WARN_DOCUMENTATION_COMMENTS = YES;
				CLANG_WARN_EMPTY_BODY = YES;
				CLANG_WARN_ENUM_CONVERSION = YES;
				CLANG_WARN_INFINITE_RECURSION = YES;
				CLANG_WARN_INT_CONVERSION = YES;
				CLANG_WARN_NON_LITERAL_NULL_CONVERSION = YES;
				CLANG_WARN_OBJC_IMPLICIT_RETAIN_SELF = YES;
				CLANG_WARN_OBJC_LITERAL_CONVERSION = YES;
				CLANG_WARN_OBJC_ROOT_CLASS = YES_ERROR;
				CLANG_WARN_RANGE_LOOP_ANALYSIS = YES;
				CLANG_WARN_STRICT_PROTOTYPES = YES;
				CLANG_WARN_SUSPICIOUS_MOVE = YES;
				CLANG_WARN_UNGUARDED_AVAILABILITY = YES_AGGRESSIVE;
				CLANG_WARN_UNREACHABLE_CODE = YES;
				CLANG_WARN__DUPLICATE_METHOD_MATCH = YES;
				COPY_PHASE_STRIP = NO;
				DEBUG_INFORMATION_FORMAT = dwarf;
				ENABLE_STRICT_OBJC_MSGSEND = YES;
				ENABLE_TESTABILITY = YES;
				GCC_C_LANGUAGE_STANDARD = gnu11;
				GCC_DYNAMIC_NO_PIC = NO;
				GCC_NO_COMMON_BLOCKS = YES;
				GCC_OPTIMIZATION_LEVEL = 0;
				GCC_PREPROCESSOR_DEFINITIONS = (
					"DEBUG=1",
					"$(inherited)",
				);
				GCC_WARN_64_TO_32_BIT_CONVERSION = YES;
				GCC_WARN_ABOUT_RETURN_TYPE = YES_ERROR;
				GCC_WARN_UNDECLARED_SELECTOR = YES;
				GCC_WARN_UNINITIALIZED_AUTOS = YES_AGGRESSIVE;
				GCC_WARN_UNUSED_FUNCTION = YES;
				GCC_WARN_UNUSED_VARIABLE = YES;
				IPHONEOS_DEPLOYMENT_TARGET = 13.5;
				MTL_ENABLE_DEBUG_INFO = INCLUDE_SOURCE;
				MTL_FAST_MATH = YES;
				ONLY_ACTIVE_ARCH = YES;
				SDKROOT = iphoneos;
				SWIFT_ACTIVE_COMPILATION_CONDITIONS = DEBUG;
				SWIFT_OPTIMIZATION_LEVEL = "-Onone";
			};
			name = Debug;
		};
		5EFFAB5D24C880AD00D61490 /* Release */ = {
			isa = XCBuildConfiguration;
			buildSettings = {
				ALWAYS_SEARCH_USER_PATHS = NO;
				CLANG_ANALYZER_NONNULL = YES;
				CLANG_ANALYZER_NUMBER_OBJECT_CONVERSION = YES_AGGRESSIVE;
				CLANG_CXX_LANGUAGE_STANDARD = "gnu++14";
				CLANG_CXX_LIBRARY = "libc++";
				CLANG_ENABLE_MODULES = YES;
				CLANG_ENABLE_OBJC_ARC = YES;
				CLANG_ENABLE_OBJC_WEAK = YES;
				CLANG_WARN_BLOCK_CAPTURE_AUTORELEASING = YES;
				CLANG_WARN_BOOL_CONVERSION = YES;
				CLANG_WARN_COMMA = YES;
				CLANG_WARN_CONSTANT_CONVERSION = YES;
				CLANG_WARN_DEPRECATED_OBJC_IMPLEMENTATIONS = YES;
				CLANG_WARN_DIRECT_OBJC_ISA_USAGE = YES_ERROR;
				CLANG_WARN_DOCUMENTATION_COMMENTS = YES;
				CLANG_WARN_EMPTY_BODY = YES;
				CLANG_WARN_ENUM_CONVERSION = YES;
				CLANG_WARN_INFINITE_RECURSION = YES;
				CLANG_WARN_INT_CONVERSION = YES;
				CLANG_WARN_NON_LITERAL_NULL_CONVERSION = YES;
				CLANG_WARN_OBJC_IMPLICIT_RETAIN_SELF = YES;
				CLANG_WARN_OBJC_LITERAL_CONVERSION = YES;
				CLANG_WARN_OBJC_ROOT_CLASS = YES_ERROR;
				CLANG_WARN_RANGE_LOOP_ANALYSIS = YES;
				CLANG_WARN_STRICT_PROTOTYPES = YES;
				CLANG_WARN_SUSPICIOUS_MOVE = YES;
				CLANG_WARN_UNGUARDED_AVAILABILITY = YES_AGGRESSIVE;
				CLANG_WARN_UNREACHABLE_CODE = YES;
				CLANG_WARN__DUPLICATE_METHOD_MATCH = YES;
				COPY_PHASE_STRIP = NO;
				DEBUG_INFORMATION_FORMAT = "dwarf-with-dsym";
				ENABLE_NS_ASSERTIONS = NO;
				ENABLE_STRICT_OBJC_MSGSEND = YES;
				GCC_C_LANGUAGE_STANDARD = gnu11;
				GCC_NO_COMMON_BLOCKS = YES;
				GCC_WARN_64_TO_32_BIT_CONVERSION = YES;
				GCC_WARN_ABOUT_RETURN_TYPE = YES_ERROR;
				GCC_WARN_UNDECLARED_SELECTOR = YES;
				GCC_WARN_UNINITIALIZED_AUTOS = YES_AGGRESSIVE;
				GCC_WARN_UNUSED_FUNCTION = YES;
				GCC_WARN_UNUSED_VARIABLE = YES;
				IPHONEOS_DEPLOYMENT_TARGET = 13.5;
				MTL_ENABLE_DEBUG_INFO = NO;
				MTL_FAST_MATH = YES;
				SDKROOT = iphoneos;
				SWIFT_COMPILATION_MODE = wholemodule;
				SWIFT_OPTIMIZATION_LEVEL = "-O";
				VALIDATE_PRODUCT = YES;
			};
			name = Release;
		};
		5EFFAB5F24C880AD00D61490 /* Debug */ = {
			isa = XCBuildConfiguration;
			buildSettings = {
				ASSETCATALOG_COMPILER_APPICON_NAME = AppIcon;
				CODE_SIGN_STYLE = Automatic;
				INFOPLIST_FILE = StoryBoardIntro/Info.plist;
				LD_RUNPATH_SEARCH_PATHS = (
					"$(inherited)",
					"@executable_path/Frameworks",
				);
				PRODUCT_BUNDLE_IDENTIFIER = "Chelsea-Lum.StoryBoardIntro";
				PRODUCT_NAME = "$(TARGET_NAME)";
				SWIFT_VERSION = 5.0;
				TARGETED_DEVICE_FAMILY = "1,2";
			};
			name = Debug;
		};
		5EFFAB6024C880AD00D61490 /* Release */ = {
			isa = XCBuildConfiguration;
			buildSettings = {
				ASSETCATALOG_COMPILER_APPICON_NAME = AppIcon;
				CODE_SIGN_STYLE = Automatic;
				INFOPLIST_FILE = StoryBoardIntro/Info.plist;
				LD_RUNPATH_SEARCH_PATHS = (
					"$(inherited)",
					"@executable_path/Frameworks",
				);
				PRODUCT_BUNDLE_IDENTIFIER = "Chelsea-Lum.StoryBoardIntro";
				PRODUCT_NAME = "$(TARGET_NAME)";
				SWIFT_VERSION = 5.0;
				TARGETED_DEVICE_FAMILY = "1,2";
			};
			name = Release;
		};
		5EFFAB6224C880AD00D61490 /* Debug */ = {
			isa = XCBuildConfiguration;
			buildSettings = {
				ALWAYS_EMBED_SWIFT_STANDARD_LIBRARIES = YES;
				BUNDLE_LOADER = "$(TEST_HOST)";
				CODE_SIGN_STYLE = Automatic;
				INFOPLIST_FILE = StoryBoardIntroTests/Info.plist;
				IPHONEOS_DEPLOYMENT_TARGET = 13.5;
				LD_RUNPATH_SEARCH_PATHS = (
					"$(inherited)",
					"@executable_path/Frameworks",
					"@loader_path/Frameworks",
				);
				PRODUCT_BUNDLE_IDENTIFIER = "Chelsea-Lum.StoryBoardIntroTests";
				PRODUCT_NAME = "$(TARGET_NAME)";
				SWIFT_VERSION = 5.0;
				TARGETED_DEVICE_FAMILY = "1,2";
				TEST_HOST = "$(BUILT_PRODUCTS_DIR)/StoryBoardIntro.app/StoryBoardIntro";
			};
			name = Debug;
		};
		5EFFAB6324C880AD00D61490 /* Release */ = {
			isa = XCBuildConfiguration;
			buildSettings = {
				ALWAYS_EMBED_SWIFT_STANDARD_LIBRARIES = YES;
				BUNDLE_LOADER = "$(TEST_HOST)";
				CODE_SIGN_STYLE = Automatic;
				INFOPLIST_FILE = StoryBoardIntroTests/Info.plist;
				IPHONEOS_DEPLOYMENT_TARGET = 13.5;
				LD_RUNPATH_SEARCH_PATHS = (
					"$(inherited)",
					"@executable_path/Frameworks",
					"@loader_path/Frameworks",
				);
				PRODUCT_BUNDLE_IDENTIFIER = "Chelsea-Lum.StoryBoardIntroTests";
				PRODUCT_NAME = "$(TARGET_NAME)";
				SWIFT_VERSION = 5.0;
				TARGETED_DEVICE_FAMILY = "1,2";
				TEST_HOST = "$(BUILT_PRODUCTS_DIR)/StoryBoardIntro.app/StoryBoardIntro";
			};
			name = Release;
		};
		5EFFAB6524C880AD00D61490 /* Debug */ = {
			isa = XCBuildConfiguration;
			buildSettings = {
				ALWAYS_EMBED_SWIFT_STANDARD_LIBRARIES = YES;
				CODE_SIGN_STYLE = Automatic;
				INFOPLIST_FILE = StoryBoardIntroUITests/Info.plist;
				LD_RUNPATH_SEARCH_PATHS = (
					"$(inherited)",
					"@executable_path/Frameworks",
					"@loader_path/Frameworks",
				);
				PRODUCT_BUNDLE_IDENTIFIER = "Chelsea-Lum.StoryBoardIntroUITests";
				PRODUCT_NAME = "$(TARGET_NAME)";
				SWIFT_VERSION = 5.0;
				TARGETED_DEVICE_FAMILY = "1,2";
				TEST_TARGET_NAME = StoryBoardIntro;
			};
			name = Debug;
		};
		5EFFAB6624C880AD00D61490 /* Release */ = {
			isa = XCBuildConfiguration;
			buildSettings = {
				ALWAYS_EMBED_SWIFT_STANDARD_LIBRARIES = YES;
				CODE_SIGN_STYLE = Automatic;
				INFOPLIST_FILE = StoryBoardIntroUITests/Info.plist;
				LD_RUNPATH_SEARCH_PATHS = (
					"$(inherited)",
					"@executable_path/Frameworks",
					"@loader_path/Frameworks",
				);
				PRODUCT_BUNDLE_IDENTIFIER = "Chelsea-Lum.StoryBoardIntroUITests";
				PRODUCT_NAME = "$(TARGET_NAME)";
				SWIFT_VERSION = 5.0;
				TARGETED_DEVICE_FAMILY = "1,2";
				TEST_TARGET_NAME = StoryBoardIntro;
			};
			name = Release;
		};
/* End XCBuildConfiguration section */

/* Begin XCConfigurationList section */
		5EFFAB2C24C880A200D61490 /* Build configuration list for PBXProject "StoryBoardIntro" */ = {
			isa = XCConfigurationList;
			buildConfigurations = (
				5EFFAB5C24C880AD00D61490 /* Debug */,
				5EFFAB5D24C880AD00D61490 /* Release */,
			);
			defaultConfigurationIsVisible = 0;
			defaultConfigurationName = Release;
		};
		5EFFAB5E24C880AD00D61490 /* Build configuration list for PBXNativeTarget "StoryBoardIntro" */ = {
			isa = XCConfigurationList;
			buildConfigurations = (
				5EFFAB5F24C880AD00D61490 /* Debug */,
				5EFFAB6024C880AD00D61490 /* Release */,
			);
			defaultConfigurationIsVisible = 0;
			defaultConfigurationName = Release;
		};
		5EFFAB6124C880AD00D61490 /* Build configuration list for PBXNativeTarget "StoryBoardIntroTests" */ = {
			isa = XCConfigurationList;
			buildConfigurations = (
				5EFFAB6224C880AD00D61490 /* Debug */,
				5EFFAB6324C880AD00D61490 /* Release */,
			);
			defaultConfigurationIsVisible = 0;
			defaultConfigurationName = Release;
		};
		5EFFAB6424C880AD00D61490 /* Build configuration list for PBXNativeTarget "StoryBoardIntroUITests" */ = {
			isa = XCConfigurationList;
			buildConfigurations = (
				5EFFAB6524C880AD00D61490 /* Debug */,
				5EFFAB6624C880AD00D61490 /* Release */,
			);
			defaultConfigurationIsVisible = 0;
			defaultConfigurationName = Release;
		};
/* End XCConfigurationList section */

/* Begin XCVersionGroup section */
		5EFFAB3D24C880A200D61490 /* StoryBoardIntro.xcdatamodeld */ = {
			isa = XCVersionGroup;
			children = (
				5EFFAB3E24C880A200D61490 /* StoryBoardIntro.xcdatamodel */,
			);
			currentVersion = 5EFFAB3E24C880A200D61490 /* StoryBoardIntro.xcdatamodel */;
			path = StoryBoardIntro.xcdatamodeld;
			sourceTree = "<group>";
			versionGroupType = wrapper.xcdatamodel;
		};
/* End XCVersionGroup section */
	};
	rootObject = 5EFFAB2924C880A200D61490 /* Project object */;
}
